{
  "name": "sysmobench-js-sam-helper",
  "version": "0.1.0",
  "lockfileVersion": 3,
  "requires": true,
  "packages": {
    "": {
      "name": "sysmobench-js-sam-helper",
      "version": "0.1.0",
      "dependencies": {
        "@cognitive-fab/sam-fsm": "^2.0.0",
        "@cognitive-fab/sam-pattern": "^2.1.2",
        "sam-fsm": "npm:@cognitive-fab/sam-fsm@^1.0.0",
        "sam-pattern": "npm:@cognitive-fab/sam-pattern@^1.6.1"
      },
      "engines": {
        "node": ">=20"
      }
    },
    "node_modules/@cognitive-fab/sam-fsm": {
      "version": "2.0.0",
      "resolved": "https://registry.npmjs.org/@cognitive-fab/sam-fsm/-/sam-fsm-2.0.0.tgz",
      "integrity": "sha512-phdSFEmxLeQe597rQnFYp+0ZSrN6a/xg12JIg5is1yPMYKbrGGph+n1VOKzVLF7icL9GE2stammQmTxobho9Ug==",
      "license": "ISC"
    },
    "node_modules/@cognitive-fab/sam-pattern": {
      "version": "2.1.2",
      "resolved": "https://registry.npmjs.org/@cognitive-fab/sam-pattern/-/sam-pattern-2.1.2.tgz",
      "integrity": "sha512-DQECH/1LLpQXY4FxRYDMF7ymN7nUcP74f8/L70QaGjc7XU8c1FfK39m1b14dd0FS69dsAWHPXbDMUfbLOt1qYg==",
      "license": "ISC"
    },
    "node_modules/sam-fsm": {
      "name": "@cognitive-fab/sam-fsm",
      "version": "1.0.0",
      "resolved": "https://registry.npmjs.org/@cognitive-fab/sam-fsm/-/sam-fsm-1.0.0.tgz",
      "integrity": "sha512-Eh8xjWYTWLz9TvJtyJ+SkM4WDQy80OaZEqRnXeb7Kic+fIXz46EcDVlMBj5lhpjfFV7yE7XPLHFPSkVD3527zA==",
      "license": "ISC"
    },
    "node_modules/sam-pattern": {
      "name": "@cognitive-fab/sam-pattern",
      "version": "1.6.1",
      "resolved": "https://registry.npmjs.org/@cognitive-fab/sam-pattern/-/sam-pattern-1.6.1.tgz",
      "integrity": "sha512-ukdWYJNWaXgzhZrFAXLwgNasopxx03pN4lXoE49fvNPAYLxBQBw1qxQQF/DaBR0GjuiTtptnhoR3yfjEywbalA==",
      "license": "ISC"
    }
  }
}
